
Microsoft Visual Studio Solution File, Format Version 12.00
# Visual Studio Version 17
VisualStudioVersion = 17.0.32126.317
MinimumVisualStudioVersion = 10.0.40219.1
Project("{FAE04EC0-301F-11D3-BF4B-00C04F79EFBC}") = "Lab5_07032022", "Lab5_07032022\Lab5_07032022.csproj", "{79682C53-CE86-49E4-9DDA-DFF1342F98EF}"
EndProject
Global
	GlobalSection(SolutionConfigurationPlatforms) = preSolution
		Debug|Any CPU = Debug|Any CPU
		Release|Any CPU = Release|Any CPU
	EndGlobalSection
	GlobalSection(ProjectConfigurationPlatforms) = postSolution
		{79682C53-CE86-49E4-9DDA-DFF1342F98EF}.Debug|Any CPU.ActiveCfg = Debug|Any CPU
		{79682C53-CE86-49E4-9DDA-DFF1342F98EF}.Debug|Any CPU.Build.0 = Debug|Any CPU
		{79682C53-CE86-49E4-9DDA-DFF1342F98EF}.Release|Any CPU.ActiveCfg = Release|Any CPU
		{79682C53-CE86-49E4-9DDA-DFF1342F98EF}.Release|Any CPU.Build.0 = Release|Any CPU
	EndGlobalSection
	GlobalSection(SolutionProperties) = preSolution
		HideSolutionNode = FALSE
	EndGlobalSection
	GlobalSection(ExtensibilityGlobals) = postSolution
		SolutionGuid = {B4FFC645-C78D-4F5F-9D38-ACF47E250686}
	EndGlobalSection
EndGlobal
